
Microsoft Visual Studio Solution File, Format Version 11.00
# Visual Studio 2010
Project("{FAE04EC0-301F-11D3-BF4B-00C04F79EFBC}") = "Assembly-CSharp", "Assembly-CSharp.csproj", "{20DEA0C0-FCBE-FD68-C385-2181B5D43036}"
EndProject
Project("{FAE04EC0-301F-11D3-BF4B-00C04F79EFBC}") = "Assembly-CSharp-Editor", "Assembly-CSharp-Editor.csproj", "{7D2A5F68-FB3E-5CDB-30BD-C7945B8661E9}"
EndProject
Global
	GlobalSection(SolutionConfigurationPlatforms) = preSolution
		Debug|Any CPU = Debug|Any CPU
		Release|Any CPU = Release|Any CPU
	EndGlobalSection
	GlobalSection(ProjectConfigurationPlatforms) = postSolution
		{20DEA0C0-FCBE-FD68-C385-2181B5D43036}.Debug|Any CPU.ActiveCfg = Debug|Any CPU
		{20DEA0C0-FCBE-FD68-C385-2181B5D43036}.Debug|Any CPU.Build.0 = Debug|Any CPU
		{20DEA0C0-FCBE-FD68-C385-2181B5D43036}.Release|Any CPU.ActiveCfg = Release|Any CPU
		{20DEA0C0-FCBE-FD68-C385-2181B5D43036}.Release|Any CPU.Build.0 = Release|Any CPU
		{7D2A5F68-FB3E-5CDB-30BD-C7945B8661E9}.Debug|Any CPU.ActiveCfg = Debug|Any CPU
		{7D2A5F68-FB3E-5CDB-30BD-C7945B8661E9}.Debug|Any CPU.Build.0 = Debug|Any CPU
		{7D2A5F68-FB3E-5CDB-30BD-C7945B8661E9}.Release|Any CPU.ActiveCfg = Release|Any CPU
		{7D2A5F68-FB3E-5CDB-30BD-C7945B8661E9}.Release|Any CPU.Build.0 = Release|Any CPU
	EndGlobalSection
	GlobalSection(SolutionProperties) = preSolution
		HideSolutionNode = FALSE
	EndGlobalSection
	GlobalSection(MonoDevelopProperties) = preSolution
		StartupItem = Assembly-CSharp.csproj
	EndGlobalSection
EndGlobal
